{
  "name": "midiprogram",
  "version": "1.0.0",
  "lockfileVersion": 1,
  "requires": true,
  "dependencies": {
    "@tonaljs/abc-notation": {
      "version": "3.5.3",
      "resolved": "https://registry.npmjs.org/@tonaljs/abc-notation/-/abc-notation-3.5.3.tgz",
      "integrity": "sha512-a7pra0JvIGPpFj0iTHgMi4L/kp+hulIxrLrcDx3xgMceMiSzyE2bxVOcaRfqthT9Uj0IICnUc9vklJ7P4Gb/iQ==",
      "requires": {
        "@tonaljs/core": "^3.5.2"
      }
    },
    "@tonaljs/array": {
      "version": "3.2.7",
      "resolved": "https://registry.npmjs.org/@tonaljs/array/-/array-3.2.7.tgz",
      "integrity": "sha512-VQD/0zfjqIA2/3E03/iswot/l9JoEvhXJxQYkgn+P4FQYBtu32KfHOLDsLyUgkInlbXJm+uICP9hxcEFy7/0KA==",
      "requires": {
        "@tonaljs/core": "^3.5.2"
      }
    },
    "@tonaljs/chord": {
      "version": "3.6.2",
      "resolved": "https://registry.npmjs.org/@tonaljs/chord/-/chord-3.6.2.tgz",
      "integrity": "sha512-d0ELm7iGeU3NyEg3xoD6kzwXaX7cTgRzRtWBcX7aj1ufkrQ/3nPD9xI9H8waPkgVC1mpUSSxixs4cqUwuE80NQ==",
      "requires": {
        "@tonaljs/chord-detect": "^3.5.3",
        "@tonaljs/chord-type": "^3.5.3",
        "@tonaljs/collection": "^3.5.2",
        "@tonaljs/core": "^3.5.2",
        "@tonaljs/pcset": "^3.5.2",
        "@tonaljs/scale-type": "^3.5.3"
      }
    },
    "@tonaljs/chord-detect": {
      "version": "3.5.3",
      "resolved": "https://registry.npmjs.org/@tonaljs/chord-detect/-/chord-detect-3.5.3.tgz",
      "integrity": "sha512-p1JyjEOjaOtytCdSI8eCsqFykL29GqDg1NlypO67Gu5Zd00C+dVP9qwWtEs+0Ce5sfMh5h1fnYz1Z266oqiiqg==",
      "requires": {
        "@tonaljs/chord-type": "^3.5.3",
        "@tonaljs/core": "^3.5.2",
        "@tonaljs/pcset": "^3.5.2"
      }
    },
    "@tonaljs/chord-type": {
      "version": "3.5.3",
      "resolved": "https://registry.npmjs.org/@tonaljs/chord-type/-/chord-type-3.5.3.tgz",
      "integrity": "sha512-Fwa94gAY/T8k2Bjk1WFVX30da4/51AhSrhDhIe+sYmmX1a47B7kO9geaikSVi/shMVMEitLHqZOzpvPRANNZ4Q==",
      "requires": {
        "@tonaljs/core": "^3.5.2",
        "@tonaljs/pcset": "^3.5.2"
      }
    },
    "@tonaljs/collection": {
      "version": "3.5.2",
      "resolved": "https://registry.npmjs.org/@tonaljs/collection/-/collection-3.5.2.tgz",
      "integrity": "sha512-TOjaustzRtvv0uhnNZSJae5VJSjvS+B4TArTXg+t7nW1yNXFboSVGsflF5xCci/Mh8fqzehVPdea+hOz3txlBg=="
    },
    "@tonaljs/core": {
      "version": "3.5.2",
      "resolved": "https://registry.npmjs.org/@tonaljs/core/-/core-3.5.2.tgz",
      "integrity": "sha512-xYU9dNP/V33TVKu7H2P0WZcTOZHFYqwZXShocTCr4gXoQZjc8DKRv3zoUQq5YrWNROVsleECTUrP5YzE1Ls9Kg=="
    },
    "@tonaljs/duration-value": {
      "version": "3.6.2",
      "resolved": "https://registry.npmjs.org/@tonaljs/duration-value/-/duration-value-3.6.2.tgz",
      "integrity": "sha512-XjAQiOV7raH7To3Nh52LphB3Y9YvYh1a8Sz3bgvVZxiBBbqqUMtj2DRYG5xCfKDmbGcbBxpRawZ1nKZrsPskWw=="
    },
    "@tonaljs/interval": {
      "version": "3.5.2",
      "resolved": "https://registry.npmjs.org/@tonaljs/interval/-/interval-3.5.2.tgz",
      "integrity": "sha512-YkzCYkQjxnxMnoSy8pPEoYST9pxCirQ5E9OlLT7BuxTUx1/4Qo7TjqmC4jsHJbi9uYYa2l8Lm/3VpJdx5hqG+A==",
      "requires": {
        "@tonaljs/core": "^3.5.2"
      }
    },
    "@tonaljs/key": {
      "version": "3.5.4",
      "resolved": "https://registry.npmjs.org/@tonaljs/key/-/key-3.5.4.tgz",
      "integrity": "sha512-D0vy7XIaVaoeg2Mdd1ky4Upz6tvGwuKydWHjb0V0nEG3u/23pBoDRQOfk+hpVmavBx2briNEcYZuXxNOrbUkQg==",
      "requires": {
        "@tonaljs/core": "^3.5.2",
        "@tonaljs/note": "^3.5.2",
        "@tonaljs/roman-numeral": "^3.5.2"
      }
    },
    "@tonaljs/midi": {
      "version": "3.5.2",
      "resolved": "https://registry.npmjs.org/@tonaljs/midi/-/midi-3.5.2.tgz",
      "integrity": "sha512-J06HlVvlexgpkruehmO8OR6Bhlro5UHQt9SawdY8nH4uzIPJdFYVjgB0rUqfAn9Z+bEPtf8RtK03iPLfQCRRwA==",
      "requires": {
        "@tonaljs/core": "^3.5.2"
      }
    },
    "@tonaljs/mode": {
      "version": "3.5.2",
      "resolved": "https://registry.npmjs.org/@tonaljs/mode/-/mode-3.5.2.tgz",
      "integrity": "sha512-SNKplR7vygIc88+nLSb3LjM/3xVnSIlgwHlZES/7iFfnfoIFypCDT+zDT6s5BKhfYjlcnlvw3vJJShlhiti3cw==",
      "requires": {
        "@tonaljs/core": "^3.5.2",
        "@tonaljs/pcset": "^3.5.2"
      }
    },
    "@tonaljs/note": {
      "version": "3.5.2",
      "resolved": "https://registry.npmjs.org/@tonaljs/note/-/note-3.5.2.tgz",
      "integrity": "sha512-LLMX3+CRHnTJ4WTzUyO62hZLLB2Jba+Oohk/zpIyIIfIF00aSjD5cGFfJjsX6lZi+3FTzQoafhKq0yl+oTkWVw==",
      "requires": {
        "@tonaljs/core": "^3.5.2",
        "@tonaljs/midi": "^3.5.2"
      }
    },
    "@tonaljs/pcset": {
      "version": "3.5.2",
      "resolved": "https://registry.npmjs.org/@tonaljs/pcset/-/pcset-3.5.2.tgz",
      "integrity": "sha512-v1SgC5rP2/5c5UyxAKfepyTVnTinRnRzjREdjise+dA8TaOizQqQdZFEDwzQ64A8+NKFQWTH/SVQTqN6gIC+eQ==",
      "requires": {
        "@tonaljs/collection": "^3.5.2",
        "@tonaljs/core": "^3.5.2"
      }
    },
    "@tonaljs/progression": {
      "version": "3.5.4",
      "resolved": "https://registry.npmjs.org/@tonaljs/progression/-/progression-3.5.4.tgz",
      "integrity": "sha512-gSoMbOmmRvCZ8kUUjW6b+EBNsMn/ca4gO87H1Kqk86nh3hSB8eb/Aqk+irPBU7dLExTF+P3C3z95jjnnNRZBKQ==",
      "requires": {
        "@tonaljs/chord": "^3.6.2",
        "@tonaljs/core": "^3.5.2",
        "@tonaljs/roman-numeral": "^3.5.2"
      }
    },
    "@tonaljs/range": {
      "version": "3.5.2",
      "resolved": "https://registry.npmjs.org/@tonaljs/range/-/range-3.5.2.tgz",
      "integrity": "sha512-DzGpmYD9KbjDtPTV8QN6JYBvRcC3bbDjwMhxAqQRTcNSG4agvOZ25uTbGbqhdOml2xObyzIO6WmCJLd2NXpTgQ==",
      "requires": {
        "@tonaljs/collection": "^3.5.2",
        "@tonaljs/midi": "^3.5.2"
      }
    },
    "@tonaljs/roman-numeral": {
      "version": "3.5.2",
      "resolved": "https://registry.npmjs.org/@tonaljs/roman-numeral/-/roman-numeral-3.5.2.tgz",
      "integrity": "sha512-/oZvfm8pGMPkMxJxi8ErbxeV8B3FM+s70/yo78sD4Wb8zyRmu60HydsMCKbwhD/fq9mL6NFvYQgCLIAQ5SD3CA==",
      "requires": {
        "@tonaljs/core": "^3.5.2"
      }
    },
    "@tonaljs/scale": {
      "version": "3.5.4",
      "resolved": "https://registry.npmjs.org/@tonaljs/scale/-/scale-3.5.4.tgz",
      "integrity": "sha512-gnVF0MkJxaVv1aTVho7J9ztVG8KABxJEQfRhyosO6MAwKxaGEMnbw0mnrsoXXmMeOj00GwNe5rHt2oM43+Zb6A==",
      "requires": {
        "@tonaljs/chord-type": "^3.5.3",
        "@tonaljs/collection": "^3.5.2",
        "@tonaljs/core": "^3.5.2",
        "@tonaljs/note": "^3.5.2",
        "@tonaljs/pcset": "^3.5.2",
        "@tonaljs/scale-type": "^3.5.3"
      }
    },
    "@tonaljs/scale-type": {
      "version": "3.5.3",
      "resolved": "https://registry.npmjs.org/@tonaljs/scale-type/-/scale-type-3.5.3.tgz",
      "integrity": "sha512-U2FY5Z9bAJdmFVflpU/MLLviMg/mxxziDQV1IqjzPPunxfJrbMY6vpnwQyLb2211zksdvV/GpjSN8PKj5+LtwA==",
      "requires": {
        "@tonaljs/core": "^3.5.2",
        "@tonaljs/pcset": "^3.5.2"
      }
    },
    "@tonaljs/time-signature": {
      "version": "3.6.2",
      "resolved": "https://registry.npmjs.org/@tonaljs/time-signature/-/time-signature-3.6.2.tgz",
      "integrity": "sha512-aUMyhmOVQaLHwDL/dyUG/K5dgf5YM2ARoPMHm/6yO9fri54QoK/v5l89WGSJ8uQukPLjB0lNCHc2COiS855Xfg=="
    },
    "@tonaljs/tonal": {
      "version": "3.7.2",
      "resolved": "https://registry.npmjs.org/@tonaljs/tonal/-/tonal-3.7.2.tgz",
      "integrity": "sha512-4U9zfdpWQZLFDoTcHGyOroqkxOubFHwaZpKaSBEClFHls8KNK4a5iPeDyYKO46pSLcvutzHsIKmryZ4XNUdrLg==",
      "requires": {
        "@tonaljs/abc-notation": "^3.5.3",
        "@tonaljs/array": "^3.2.7",
        "@tonaljs/chord": "^3.6.2",
        "@tonaljs/chord-type": "^3.5.3",
        "@tonaljs/collection": "^3.5.2",
        "@tonaljs/core": "^3.5.2",
        "@tonaljs/duration-value": "^3.6.2",
        "@tonaljs/interval": "^3.5.2",
        "@tonaljs/key": "^3.5.4",
        "@tonaljs/midi": "^3.5.2",
        "@tonaljs/mode": "^3.5.2",
        "@tonaljs/note": "^3.5.2",
        "@tonaljs/pcset": "^3.5.2",
        "@tonaljs/progression": "^3.5.4",
        "@tonaljs/range": "^3.5.2",
        "@tonaljs/roman-numeral": "^3.5.2",
        "@tonaljs/scale": "^3.5.4",
        "@tonaljs/scale-type": "^3.5.3",
        "@tonaljs/time-signature": "^3.6.2"
      }
    },
    "midi-writer-js": {
      "version": "1.7.2",
      "resolved": "https://registry.npmjs.org/midi-writer-js/-/midi-writer-js-1.7.2.tgz",
      "integrity": "sha512-Yinghag6jUVfAmlLi7wmMCe3rBp6IKf+eqcMGsWFEBMSXbEBB7W2YI6W9TWkWnYzfAi//GTKLkeXxVyik5aV1g==",
      "requires": {
        "tonal-midi": "^0.69.7"
      }
    },
    "note-parser": {
      "version": "2.0.1",
      "resolved": "https://registry.npmjs.org/note-parser/-/note-parser-2.0.1.tgz",
      "integrity": "sha1-JDj9V6RolLQCs6IHF5hmASnI+8E="
    },
    "tonal-midi": {
      "version": "0.69.7",
      "resolved": "https://registry.npmjs.org/tonal-midi/-/tonal-midi-0.69.7.tgz",
      "integrity": "sha1-51Tsk/Pb2yim051CRXwzrSRf+kc=",
      "requires": {
        "note-parser": "^2.0.1"
      }
    }
  }
}
